
Microsoft Visual Studio Solution File, Format Version 12.00
# Visual Studio 15
VisualStudioVersion = 15.0.27703.2018
MinimumVisualStudioVersion = 10.0.40219.1
Project("{FAE04EC0-301F-11D3-BF4B-00C04F79EFBC}") = "TypographyGlyphBounds", "TypographyGlyphBounds\TypographyGlyphBounds.csproj", "{FB13F371-65FD-4421-99D5-559381693FF1}"
EndProject
Project("{FAE04EC0-301F-11D3-BF4B-00C04F79EFBC}") = "Typography.OpenFont", "Typography\Build\N20\Typography.OpenFont\Typography.OpenFont.csproj", "{F7D71E61-9342-4DD7-9AFD-69045F2EC98B}"
EndProject
Project("{FAE04EC0-301F-11D3-BF4B-00C04F79EFBC}") = "Typography.GlyphLayout", "Typography\Build\N20\Typography.GlyphLayout\Typography.GlyphLayout.csproj", "{C6807D05-09BE-4313-9F8B-BD2D51C55819}"
EndProject
Project("{FAE04EC0-301F-11D3-BF4B-00C04F79EFBC}") = "Typography.Contours", "Typography\Build\N20\Typography.Contours\Typography.Contours.csproj", "{B999F927-08C5-4328-B07E-69ACC1392DA4}"
EndProject
Project("{FAE04EC0-301F-11D3-BF4B-00C04F79EFBC}") = "PixelFarm.Triangulation", "Typography\PixelFarm\PixelFarm.Triangulation\PixelFarm.Triangulation.csproj", "{C5E5802D-6A45-4FE9-BAE7-5F0AE91D72C1}"
EndProject
Global
	GlobalSection(SolutionConfigurationPlatforms) = preSolution
		Debug|Any CPU = Debug|Any CPU
		Debug|x86 = Debug|x86
		Release|Any CPU = Release|Any CPU
		Release|x86 = Release|x86
	EndGlobalSection
	GlobalSection(ProjectConfigurationPlatforms) = postSolution
		{FB13F371-65FD-4421-99D5-559381693FF1}.Debug|Any CPU.ActiveCfg = Debug|Any CPU
		{FB13F371-65FD-4421-99D5-559381693FF1}.Debug|Any CPU.Build.0 = Debug|Any CPU
		{FB13F371-65FD-4421-99D5-559381693FF1}.Debug|x86.ActiveCfg = Debug|Any CPU
		{FB13F371-65FD-4421-99D5-559381693FF1}.Debug|x86.Build.0 = Debug|Any CPU
		{FB13F371-65FD-4421-99D5-559381693FF1}.Release|Any CPU.ActiveCfg = Release|Any CPU
		{FB13F371-65FD-4421-99D5-559381693FF1}.Release|Any CPU.Build.0 = Release|Any CPU
		{FB13F371-65FD-4421-99D5-559381693FF1}.Release|x86.ActiveCfg = Release|Any CPU
		{FB13F371-65FD-4421-99D5-559381693FF1}.Release|x86.Build.0 = Release|Any CPU
		{F7D71E61-9342-4DD7-9AFD-69045F2EC98B}.Debug|Any CPU.ActiveCfg = Debug|Any CPU
		{F7D71E61-9342-4DD7-9AFD-69045F2EC98B}.Debug|Any CPU.Build.0 = Debug|Any CPU
		{F7D71E61-9342-4DD7-9AFD-69045F2EC98B}.Debug|x86.ActiveCfg = Debug|Any CPU
		{F7D71E61-9342-4DD7-9AFD-69045F2EC98B}.Debug|x86.Build.0 = Debug|Any CPU
		{F7D71E61-9342-4DD7-9AFD-69045F2EC98B}.Release|Any CPU.ActiveCfg = Release|Any CPU
		{F7D71E61-9342-4DD7-9AFD-69045F2EC98B}.Release|Any CPU.Build.0 = Release|Any CPU
		{F7D71E61-9342-4DD7-9AFD-69045F2EC98B}.Release|x86.ActiveCfg = Release|Any CPU
		{F7D71E61-9342-4DD7-9AFD-69045F2EC98B}.Release|x86.Build.0 = Release|Any CPU
		{C6807D05-09BE-4313-9F8B-BD2D51C55819}.Debug|Any CPU.ActiveCfg = Debug|Any CPU
		{C6807D05-09BE-4313-9F8B-BD2D51C55819}.Debug|Any CPU.Build.0 = Debug|Any CPU
		{C6807D05-09BE-4313-9F8B-BD2D51C55819}.Debug|x86.ActiveCfg = Debug|Any CPU
		{C6807D05-09BE-4313-9F8B-BD2D51C55819}.Debug|x86.Build.0 = Debug|Any CPU
		{C6807D05-09BE-4313-9F8B-BD2D51C55819}.Release|Any CPU.ActiveCfg = Release|Any CPU
		{C6807D05-09BE-4313-9F8B-BD2D51C55819}.Release|Any CPU.Build.0 = Release|Any CPU
		{C6807D05-09BE-4313-9F8B-BD2D51C55819}.Release|x86.ActiveCfg = Release|Any CPU
		{C6807D05-09BE-4313-9F8B-BD2D51C55819}.Release|x86.Build.0 = Release|Any CPU
		{B999F927-08C5-4328-B07E-69ACC1392DA4}.Debug|Any CPU.ActiveCfg = Debug|Any CPU
		{B999F927-08C5-4328-B07E-69ACC1392DA4}.Debug|Any CPU.Build.0 = Debug|Any CPU
		{B999F927-08C5-4328-B07E-69ACC1392DA4}.Debug|x86.ActiveCfg = Debug|Any CPU
		{B999F927-08C5-4328-B07E-69ACC1392DA4}.Debug|x86.Build.0 = Debug|Any CPU
		{B999F927-08C5-4328-B07E-69ACC1392DA4}.Release|Any CPU.ActiveCfg = Release|Any CPU
		{B999F927-08C5-4328-B07E-69ACC1392DA4}.Release|Any CPU.Build.0 = Release|Any CPU
		{B999F927-08C5-4328-B07E-69ACC1392DA4}.Release|x86.ActiveCfg = Release|Any CPU
		{B999F927-08C5-4328-B07E-69ACC1392DA4}.Release|x86.Build.0 = Release|Any CPU
		{C5E5802D-6A45-4FE9-BAE7-5F0AE91D72C1}.Debug|Any CPU.ActiveCfg = Debug|Any CPU
		{C5E5802D-6A45-4FE9-BAE7-5F0AE91D72C1}.Debug|Any CPU.Build.0 = Debug|Any CPU
		{C5E5802D-6A45-4FE9-BAE7-5F0AE91D72C1}.Debug|x86.ActiveCfg = Debug|x86
		{C5E5802D-6A45-4FE9-BAE7-5F0AE91D72C1}.Debug|x86.Build.0 = Debug|x86
		{C5E5802D-6A45-4FE9-BAE7-5F0AE91D72C1}.Release|Any CPU.ActiveCfg = Release|Any CPU
		{C5E5802D-6A45-4FE9-BAE7-5F0AE91D72C1}.Release|Any CPU.Build.0 = Release|Any CPU
		{C5E5802D-6A45-4FE9-BAE7-5F0AE91D72C1}.Release|x86.ActiveCfg = Release|x86
		{C5E5802D-6A45-4FE9-BAE7-5F0AE91D72C1}.Release|x86.Build.0 = Release|x86
	EndGlobalSection
	GlobalSection(SolutionProperties) = preSolution
		HideSolutionNode = FALSE
	EndGlobalSection
	GlobalSection(ExtensibilityGlobals) = postSolution
		SolutionGuid = {E3B94864-4609-4F63-A3BF-C25C7078F6C3}
	EndGlobalSection
EndGlobal
